// !$*UTF8*$!
{
	archiveVersion = 1;
	classes = {
	};
	objectVersion = 56;
	objects = {

/* Begin PBXBuildFile section */
		492266BD29F1FBB9005DA9F7 /* MainViewModel.swift in Sources */ = {isa = PBXBuildFile; fileRef = 492266BC29F1FBB9005DA9F7 /* MainViewModel.swift */; };
		4978612D29EE0C12001053AF /* SeparatorView.swift in Sources */ = {isa = PBXBuildFile; fileRef = 4978612C29EE0C12001053AF /* SeparatorView.swift */; };
		4978613029EE0ECF001053AF /* Kingfisher in Frameworks */ = {isa = PBXBuildFile; productRef = 4978612F29EE0ECF001053AF /* Kingfisher */; };
		4978613229EE1056001053AF /* VersionInfoCell.swift in Sources */ = {isa = PBXBuildFile; fileRef = 4978613129EE1056001053AF /* VersionInfoCell.swift */; };
		4978613429EE2249001053AF /* TopInfoModel.swift in Sources */ = {isa = PBXBuildFile; fileRef = 4978613329EE2249001053AF /* TopInfoModel.swift */; };
		4978613629EE22C4001053AF /* VersionInfoModel.swift in Sources */ = {isa = PBXBuildFile; fileRef = 4978613529EE22C4001053AF /* VersionInfoModel.swift */; };
		4978613829EE2B65001053AF /* AppVersionRepository.swift in Sources */ = {isa = PBXBuildFile; fileRef = 4978613729EE2B65001053AF /* AppVersionRepository.swift */; };
		49EA41CB29ED04DA0009D511 /* AppDelegate.swift in Sources */ = {isa = PBXBuildFile; fileRef = 49EA41CA29ED04DA0009D511 /* AppDelegate.swift */; };
		49EA41CD29ED04DA0009D511 /* SceneDelegate.swift in Sources */ = {isa = PBXBuildFile; fileRef = 49EA41CC29ED04DA0009D511 /* SceneDelegate.swift */; };
		49EA41CF29ED04DA0009D511 /* MainViewController.swift in Sources */ = {isa = PBXBuildFile; fileRef = 49EA41CE29ED04DA0009D511 /* MainViewController.swift */; };
		49EA41D429ED04DC0009D511 /* Assets.xcassets in Resources */ = {isa = PBXBuildFile; fileRef = 49EA41D329ED04DC0009D511 /* Assets.xcassets */; };
		49EA41D729ED04DC0009D511 /* LaunchScreen.storyboard in Resources */ = {isa = PBXBuildFile; fileRef = 49EA41D529ED04DC0009D511 /* LaunchScreen.storyboard */; };
		49EA41E029ED06AB0009D511 /* SnapKit in Frameworks */ = {isa = PBXBuildFile; productRef = 49EA41DF29ED06AB0009D511 /* SnapKit */; };
		49EA41E229ED06C50009D511 /* AppStoreService.swift in Sources */ = {isa = PBXBuildFile; fileRef = 49EA41E129ED06C50009D511 /* AppStoreService.swift */; };
		49EA41E829ED0C820009D511 /* AppInfoResponseEntity.swift in Sources */ = {isa = PBXBuildFile; fileRef = 49EA41E729ED0C820009D511 /* AppInfoResponseEntity.swift */; };
		49EA41EB29ED14FE0009D511 /* TopInfoCell.swift in Sources */ = {isa = PBXBuildFile; fileRef = 49EA41EA29ED14FE0009D511 /* TopInfoCell.swift */; };
/* End PBXBuildFile section */

/* Begin PBXFileReference section */
		492266BC29F1FBB9005DA9F7 /* MainViewModel.swift */ = {isa = PBXFileReference; lastKnownFileType = sourcecode.swift; path = MainViewModel.swift; sourceTree = "<group>"; };
		4978612C29EE0C12001053AF /* SeparatorView.swift */ = {isa = PBXFileReference; fileEncoding = 4; lastKnownFileType = sourcecode.swift; path = SeparatorView.swift; sourceTree = "<group>"; };
		4978613129EE1056001053AF /* VersionInfoCell.swift */ = {isa = PBXFileReference; lastKnownFileType = sourcecode.swift; path = VersionInfoCell.swift; sourceTree = "<group>"; };
		4978613329EE2249001053AF /* TopInfoModel.swift */ = {isa = PBXFileReference; lastKnownFileType = sourcecode.swift; path = TopInfoModel.swift; sourceTree = "<group>"; };
		4978613529EE22C4001053AF /* VersionInfoModel.swift */ = {isa = PBXFileReference; lastKnownFileType = sourcecode.swift; path = VersionInfoModel.swift; sourceTree = "<group>"; };
		4978613729EE2B65001053AF /* AppVersionRepository.swift */ = {isa = PBXFileReference; lastKnownFileType = sourcecode.swift; path = AppVersionRepository.swift; sourceTree = "<group>"; };
		49EA41C729ED04DA0009D511 /* DispatchQueueSample.app */ = {isa = PBXFileReference; explicitFileType = wrapper.application; includeInIndex = 0; path = DispatchQueueSample.app; sourceTree = BUILT_PRODUCTS_DIR; };
		49EA41CA29ED04DA0009D511 /* AppDelegate.swift */ = {isa = PBXFileReference; lastKnownFileType = sourcecode.swift; path = AppDelegate.swift; sourceTree = "<group>"; };
		49EA41CC29ED04DA0009D511 /* SceneDelegate.swift */ = {isa = PBXFileReference; lastKnownFileType = sourcecode.swift; path = SceneDelegate.swift; sourceTree = "<group>"; };
		49EA41CE29ED04DA0009D511 /* MainViewController.swift */ = {isa = PBXFileReference; lastKnownFileType = sourcecode.swift; path = MainViewController.swift; sourceTree = "<group>"; };
		49EA41D329ED04DC0009D511 /* Assets.xcassets */ = {isa = PBXFileReference; lastKnownFileType = folder.assetcatalog; path = Assets.xcassets; sourceTree = "<group>"; };
		49EA41D629ED04DC0009D511 /* Base */ = {isa = PBXFileReference; lastKnownFileType = file.storyboard; name = Base; path = Base.lproj/LaunchScreen.storyboard; sourceTree = "<group>"; };
		49EA41D829ED04DC0009D511 /* Info.plist */ = {isa = PBXFileReference; lastKnownFileType = text.plist.xml; path = Info.plist; sourceTree = "<group>"; };
		49EA41E129ED06C50009D511 /* AppStoreService.swift */ = {isa = PBXFileReference; lastKnownFileType = sourcecode.swift; path = AppStoreService.swift; sourceTree = "<group>"; };
		49EA41E729ED0C820009D511 /* AppInfoResponseEntity.swift */ = {isa = PBXFileReference; lastKnownFileType = sourcecode.swift; path = AppInfoResponseEntity.swift; sourceTree = "<group>"; };
		49EA41EA29ED14FE0009D511 /* TopInfoCell.swift */ = {isa = PBXFileReference; lastKnownFileType = sourcecode.swift; path = TopInfoCell.swift; sourceTree = "<group>"; };
/* End PBXFileReference section */

/* Begin PBXFrameworksBuildPhase section */
		49EA41C429ED04DA0009D511 /* Frameworks */ = {
			isa = PBXFrameworksBuildPhase;
			buildActionMask = 2147483647;
			files = (
				4978613029EE0ECF001053AF /* Kingfisher in Frameworks */,
				49EA41E029ED06AB0009D511 /* SnapKit in Frameworks */,
			);
			runOnlyForDeploymentPostprocessing = 0;
		};
/* End PBXFrameworksBuildPhase section */

/* Begin PBXGroup section */
		4978613929EE2C9A001053AF /* Repository */ = {
			isa = PBXGroup;
			children = (
				4978613729EE2B65001053AF /* AppVersionRepository.swift */,
			);
			path = Repository;
			sourceTree = "<group>";
		};
		49EA41BE29ED04DA0009D511 = {
			isa = PBXGroup;
			children = (
				49EA41C929ED04DA0009D511 /* DispatchQueueSample */,
				49EA41C829ED04DA0009D511 /* Products */,
			);
			sourceTree = "<group>";
		};
		49EA41C829ED04DA0009D511 /* Products */ = {
			isa = PBXGroup;
			children = (
				49EA41C729ED04DA0009D511 /* DispatchQueueSample.app */,
			);
			name = Products;
			sourceTree = "<group>";
		};
		49EA41C929ED04DA0009D511 /* DispatchQueueSample */ = {
			isa = PBXGroup;
			children = (
				49EA41E329ED0C410009D511 /* Delegate */,
				49EA41E429ED0C470009D511 /* Scene */,
				49EA41E629ED0C530009D511 /* Resource */,
				49EA41E529ED0C4C0009D511 /* Service */,
				49EA41E929ED0F140009D511 /* Model */,
				4978613929EE2C9A001053AF /* Repository */,
				492266BC29F1FBB9005DA9F7 /* MainViewModel.swift */,
			);
			path = DispatchQueueSample;
			sourceTree = "<group>";
		};
		49EA41E329ED0C410009D511 /* Delegate */ = {
			isa = PBXGroup;
			children = (
				49EA41CA29ED04DA0009D511 /* AppDelegate.swift */,
				49EA41CC29ED04DA0009D511 /* SceneDelegate.swift */,
			);
			path = Delegate;
			sourceTree = "<group>";
		};
		49EA41E429ED0C470009D511 /* Scene */ = {
			isa = PBXGroup;
			children = (
				4978612C29EE0C12001053AF /* SeparatorView.swift */,
				49EA41CE29ED04DA0009D511 /* MainViewController.swift */,
				49EA41EA29ED14FE0009D511 /* TopInfoCell.swift */,
				4978613129EE1056001053AF /* VersionInfoCell.swift */,
			);
			path = Scene;
			sourceTree = "<group>";
		};
		49EA41E529ED0C4C0009D511 /* Service */ = {
			isa = PBXGroup;
			children = (
				49EA41E129ED06C50009D511 /* AppStoreService.swift */,
			);
			path = Service;
			sourceTree = "<group>";
		};
		49EA41E629ED0C530009D511 /* Resource */ = {
			isa = PBXGroup;
			children = (
				49EA41D329ED04DC0009D511 /* Assets.xcassets */,
				49EA41D529ED04DC0009D511 /* LaunchScreen.storyboard */,
				49EA41D829ED04DC0009D511 /* Info.plist */,
			);
			path = Resource;
			sourceTree = "<group>";
		};
		49EA41E929ED0F140009D511 /* Model */ = {
			isa = PBXGroup;
			children = (
				49EA41E729ED0C820009D511 /* AppInfoResponseEntity.swift */,
				4978613329EE2249001053AF /* TopInfoModel.swift */,
				4978613529EE22C4001053AF /* VersionInfoModel.swift */,
			);
			path = Model;
			sourceTree = "<group>";
		};
/* End PBXGroup section */

/* Begin PBXNativeTarget section */
		49EA41C629ED04DA0009D511 /* DispatchQueueSample */ = {
			isa = PBXNativeTarget;
			buildConfigurationList = 49EA41DB29ED04DC0009D511 /* Build configuration list for PBXNativeTarget "DispatchQueueSample" */;
			buildPhases = (
				49EA41C329ED04DA0009D511 /* Sources */,
				49EA41C429ED04DA0009D511 /* Frameworks */,
				49EA41C529ED04DA0009D511 /* Resources */,
			);
			buildRules = (
			);
			dependencies = (
			);
			name = DispatchQueueSample;
			packageProductDependencies = (
				49EA41DF29ED06AB0009D511 /* SnapKit */,
				4978612F29EE0ECF001053AF /* Kingfisher */,
			);
			productName = DispatchQueueSample;
			productReference = 49EA41C729ED04DA0009D511 /* DispatchQueueSample.app */;
			productType = "com.apple.product-type.application";
		};
/* End PBXNativeTarget section */

/* Begin PBXProject section */
		49EA41BF29ED04DA0009D511 /* Project object */ = {
			isa = PBXProject;
			attributes = {
				BuildIndependentTargetsInParallel = 1;
				LastSwiftUpdateCheck = 1420;
				LastUpgradeCheck = 1420;
				TargetAttributes = {
					49EA41C629ED04DA0009D511 = {
						CreatedOnToolsVersion = 14.2;
					};
				};
			};
			buildConfigurationList = 49EA41C229ED04DA0009D511 /* Build configuration list for PBXProject "DispatchQueueSample" */;
			compatibilityVersion = "Xcode 14.0";
			developmentRegion = en;
			hasScannedForEncodings = 0;
			knownRegions = (
				en,
				Base,
			);
			mainGroup = 49EA41BE29ED04DA0009D511;
			packageReferences = (
				49EA41DE29ED06AB0009D511 /* XCRemoteSwiftPackageReference "SnapKit" */,
				4978612E29EE0ECF001053AF /* XCRemoteSwiftPackageReference "Kingfisher" */,
			);
			productRefGroup = 49EA41C829ED04DA0009D511 /* Products */;
			projectDirPath = "";
			projectRoot = "";
			targets = (
				49EA41C629ED04DA0009D511 /* DispatchQueueSample */,
			);
		};
/* End PBXProject section */

/* Begin PBXResourcesBuildPhase section */
		49EA41C529ED04DA0009D511 /* Resources */ = {
			isa = PBXResourcesBuildPhase;
			buildActionMask = 2147483647;
			files = (
				49EA41D729ED04DC0009D511 /* LaunchScreen.storyboard in Resources */,
				49EA41D429ED04DC0009D511 /* Assets.xcassets in Resources */,
			);
			runOnlyForDeploymentPostprocessing = 0;
		};
/* End PBXResourcesBuildPhase section */

/* Begin PBXSourcesBuildPhase section */
		49EA41C329ED04DA0009D511 /* Sources */ = {
			isa = PBXSourcesBuildPhase;
			buildActionMask = 2147483647;
			files = (
				4978613429EE2249001053AF /* TopInfoModel.swift in Sources */,
				49EA41CF29ED04DA0009D511 /* MainViewController.swift in Sources */,
				49EA41EB29ED14FE0009D511 /* TopInfoCell.swift in Sources */,
				4978613829EE2B65001053AF /* AppVersionRepository.swift in Sources */,
				4978613229EE1056001053AF /* VersionInfoCell.swift in Sources */,
				49EA41CB29ED04DA0009D511 /* AppDelegate.swift in Sources */,
				4978612D29EE0C12001053AF /* SeparatorView.swift in Sources */,
				4978613629EE22C4001053AF /* VersionInfoModel.swift in Sources */,
				49EA41E829ED0C820009D511 /* AppInfoResponseEntity.swift in Sources */,
				49EA41CD29ED04DA0009D511 /* SceneDelegate.swift in Sources */,
				49EA41E229ED06C50009D511 /* AppStoreService.swift in Sources */,
				492266BD29F1FBB9005DA9F7 /* MainViewModel.swift in Sources */,
			);
			runOnlyForDeploymentPostprocessing = 0;
		};
/* End PBXSourcesBuildPhase section */

/* Begin PBXVariantGroup section */
		49EA41D529ED04DC0009D511 /* LaunchScreen.storyboard */ = {
			isa = PBXVariantGroup;
			children = (
				49EA41D629ED04DC0009D511 /* Base */,
			);
			name = LaunchScreen.storyboard;
			sourceTree = "<group>";
		};
/* End PBXVariantGroup section */

/* Begin XCBuildConfiguration section */
		49EA41D929ED04DC0009D511 /* Debug */ = {
			isa = XCBuildConfiguration;
			buildSettings = {
				ALWAYS_SEARCH_USER_PATHS = NO;
				CLANG_ANALYZER_NONNULL = YES;
				CLANG_ANALYZER_NUMBER_OBJECT_CONVERSION = YES_AGGRESSIVE;
				CLANG_CXX_LANGUAGE_STANDARD = "gnu++20";
				CLANG_ENABLE_MODULES = YES;
				CLANG_ENABLE_OBJC_ARC = YES;
				CLANG_ENABLE_OBJC_WEAK = YES;
				CLANG_WARN_BLOCK_CAPTURE_AUTORELEASING = YES;
				CLANG_WARN_BOOL_CONVERSION = YES;
				CLANG_WARN_COMMA = YES;
				CLANG_WARN_CONSTANT_CONVERSION = YES;
				CLANG_WARN_DEPRECATED_OBJC_IMPLEMENTATIONS = YES;
				CLANG_WARN_DIRECT_OBJC_ISA_USAGE = YES_ERROR;
				CLANG_WARN_DOCUMENTATION_COMMENTS = YES;
				CLANG_WARN_EMPTY_BODY = YES;
				CLANG_WARN_ENUM_CONVERSION = YES;
				CLANG_WARN_INFINITE_RECURSION = YES;
				CLANG_WARN_INT_CONVERSION = YES;
				CLANG_WARN_NON_LITERAL_NULL_CONVERSION = YES;
				CLANG_WARN_OBJC_IMPLICIT_RETAIN_SELF = YES;
				CLANG_WARN_OBJC_LITERAL_CONVERSION = YES;
				CLANG_WARN_OBJC_ROOT_CLASS = YES_ERROR;
				CLANG_WARN_QUOTED_INCLUDE_IN_FRAMEWORK_HEADER = YES;
				CLANG_WARN_RANGE_LOOP_ANALYSIS = YES;
				CLANG_WARN_STRICT_PROTOTYPES = YES;
				CLANG_WARN_SUSPICIOUS_MOVE = YES;
				CLANG_WARN_UNGUARDED_AVAILABILITY = YES_AGGRESSIVE;
				CLANG_WARN_UNREACHABLE_CODE = YES;
				CLANG_WARN__DUPLICATE_METHOD_MATCH = YES;
				COPY_PHASE_STRIP = NO;
				DEBUG_INFORMATION_FORMAT = dwarf;
				ENABLE_STRICT_OBJC_MSGSEND = YES;
				ENABLE_TESTABILITY = YES;
				GCC_C_LANGUAGE_STANDARD = gnu11;
				GCC_DYNAMIC_NO_PIC = NO;
				GCC_NO_COMMON_BLOCKS = YES;
				GCC_OPTIMIZATION_LEVEL = 0;
				GCC_PREPROCESSOR_DEFINITIONS = (
					"DEBUG=1",
					"$(inherited)",
				);
				GCC_WARN_64_TO_32_BIT_CONVERSION = YES;
				GCC_WARN_ABOUT_RETURN_TYPE = YES_ERROR;
				GCC_WARN_UNDECLARED_SELECTOR = YES;
				GCC_WARN_UNINITIALIZED_AUTOS = YES_AGGRESSIVE;
				GCC_WARN_UNUSED_FUNCTION = YES;
				GCC_WARN_UNUSED_VARIABLE = YES;
				IPHONEOS_DEPLOYMENT_TARGET = 16.2;
				MTL_ENABLE_DEBUG_INFO = INCLUDE_SOURCE;
				MTL_FAST_MATH = YES;
				ONLY_ACTIVE_ARCH = YES;
				SDKROOT = iphoneos;
				SWIFT_ACTIVE_COMPILATION_CONDITIONS = DEBUG;
				SWIFT_OPTIMIZATION_LEVEL = "-Onone";
			};
			name = Debug;
		};
		49EA41DA29ED04DC0009D511 /* Release */ = {
			isa = XCBuildConfiguration;
			buildSettings = {
				ALWAYS_SEARCH_USER_PATHS = NO;
				CLANG_ANALYZER_NONNULL = YES;
				CLANG_ANALYZER_NUMBER_OBJECT_CONVERSION = YES_AGGRESSIVE;
				CLANG_CXX_LANGUAGE_STANDARD = "gnu++20";
				CLANG_ENABLE_MODULES = YES;
				CLANG_ENABLE_OBJC_ARC = YES;
				CLANG_ENABLE_OBJC_WEAK = YES;
				CLANG_WARN_BLOCK_CAPTURE_AUTORELEASING = YES;
				CLANG_WARN_BOOL_CONVERSION = YES;
				CLANG_WARN_COMMA = YES;
				CLANG_WARN_CONSTANT_CONVERSION = YES;
				CLANG_WARN_DEPRECATED_OBJC_IMPLEMENTATIONS = YES;
				CLANG_WARN_DIRECT_OBJC_ISA_USAGE = YES_ERROR;
				CLANG_WARN_DOCUMENTATION_COMMENTS = YES;
				CLANG_WARN_EMPTY_BODY = YES;
				CLANG_WARN_ENUM_CONVERSION = YES;
				CLANG_WARN_INFINITE_RECURSION = YES;
				CLANG_WARN_INT_CONVERSION = YES;
				CLANG_WARN_NON_LITERAL_NULL_CONVERSION = YES;
				CLANG_WARN_OBJC_IMPLICIT_RETAIN_SELF = YES;
				CLANG_WARN_OBJC_LITERAL_CONVERSION = YES;
				CLANG_WARN_OBJC_ROOT_CLASS = YES_ERROR;
				CLANG_WARN_QUOTED_INCLUDE_IN_FRAMEWORK_HEADER = YES;
				CLANG_WARN_RANGE_LOOP_ANALYSIS = YES;
				CLANG_WARN_STRICT_PROTOTYPES = YES;
				CLANG_WARN_SUSPICIOUS_MOVE = YES;
				CLANG_WARN_UNGUARDED_AVAILABILITY = YES_AGGRESSIVE;
				CLANG_WARN_UNREACHABLE_CODE = YES;
				CLANG_WARN__DUPLICATE_METHOD_MATCH = YES;
				COPY_PHASE_STRIP = NO;
				DEBUG_INFORMATION_FORMAT = "dwarf-with-dsym";
				ENABLE_NS_ASSERTIONS = NO;
				ENABLE_STRICT_OBJC_MSGSEND = YES;
				GCC_C_LANGUAGE_STANDARD = gnu11;
				GCC_NO_COMMON_BLOCKS = YES;
				GCC_WARN_64_TO_32_BIT_CONVERSION = YES;
				GCC_WARN_ABOUT_RETURN_TYPE = YES_ERROR;
				GCC_WARN_UNDECLARED_SELECTOR = YES;
				GCC_WARN_UNINITIALIZED_AUTOS = YES_AGGRESSIVE;
				GCC_WARN_UNUSED_FUNCTION = YES;
				GCC_WARN_UNUSED_VARIABLE = YES;
				IPHONEOS_DEPLOYMENT_TARGET = 16.2;
				MTL_ENABLE_DEBUG_INFO = NO;
				MTL_FAST_MATH = YES;
				SDKROOT = iphoneos;
				SWIFT_COMPILATION_MODE = wholemodule;
				SWIFT_OPTIMIZATION_LEVEL = "-O";
				VALIDATE_PRODUCT = YES;
			};
			name = Release;
		};
		49EA41DC29ED04DC0009D511 /* Debug */ = {
			isa = XCBuildConfiguration;
			buildSettings = {
				ASSETCATALOG_COMPILER_APPICON_NAME = AppIcon;
				ASSETCATALOG_COMPILER_GLOBAL_ACCENT_COLOR_NAME = AccentColor;
				CODE_SIGN_STYLE = Automatic;
				CURRENT_PROJECT_VERSION = 1;
				DEVELOPMENT_TEAM = HDFLLXK789;
				GENERATE_INFOPLIST_FILE = YES;
				INFOPLIST_FILE = DispatchQueueSample/Resource/Info.plist;
				INFOPLIST_KEY_UIApplicationSupportsIndirectInputEvents = YES;
				INFOPLIST_KEY_UILaunchStoryboardName = LaunchScreen;
				INFOPLIST_KEY_UIMainStoryboardFile = "";
				INFOPLIST_KEY_UISupportedInterfaceOrientations_iPad = "UIInterfaceOrientationPortrait UIInterfaceOrientationPortraitUpsideDown UIInterfaceOrientationLandscapeLeft UIInterfaceOrientationLandscapeRight";
				INFOPLIST_KEY_UISupportedInterfaceOrientations_iPhone = "UIInterfaceOrientationPortrait UIInterfaceOrientationLandscapeLeft UIInterfaceOrientationLandscapeRight";
				LD_RUNPATH_SEARCH_PATHS = (
					"$(inherited)",
					"@executable_path/Frameworks",
				);
				MARKETING_VERSION = 1.0;
				PRODUCT_BUNDLE_IDENTIFIER = com.ycompany.DispatchQueueSample;
				PRODUCT_NAME = "$(TARGET_NAME)";
				SWIFT_EMIT_LOC_STRINGS = YES;
				SWIFT_VERSION = 5.0;
				TARGETED_DEVICE_FAMILY = "1,2";
			};
			name = Debug;
		};
		49EA41DD29ED04DC0009D511 /* Release */ = {
			isa = XCBuildConfiguration;
			buildSettings = {
				ASSETCATALOG_COMPILER_APPICON_NAME = AppIcon;
				ASSETCATALOG_COMPILER_GLOBAL_ACCENT_COLOR_NAME = AccentColor;
				CODE_SIGN_STYLE = Automatic;
				CURRENT_PROJECT_VERSION = 1;
				DEVELOPMENT_TEAM = HDFLLXK789;
				GENERATE_INFOPLIST_FILE = YES;
				INFOPLIST_FILE = DispatchQueueSample/Resource/Info.plist;
				INFOPLIST_KEY_UIApplicationSupportsIndirectInputEvents = YES;
				INFOPLIST_KEY_UILaunchStoryboardName = LaunchScreen;
				INFOPLIST_KEY_UIMainStoryboardFile = "";
				INFOPLIST_KEY_UISupportedInterfaceOrientations_iPad = "UIInterfaceOrientationPortrait UIInterfaceOrientationPortraitUpsideDown UIInterfaceOrientationLandscapeLeft UIInterfaceOrientationLandscapeRight";
				INFOPLIST_KEY_UISupportedInterfaceOrientations_iPhone = "UIInterfaceOrientationPortrait UIInterfaceOrientationLandscapeLeft UIInterfaceOrientationLandscapeRight";
				LD_RUNPATH_SEARCH_PATHS = (
					"$(inherited)",
					"@executable_path/Frameworks",
				);
				MARKETING_VERSION = 1.0;
				PRODUCT_BUNDLE_IDENTIFIER = com.ycompany.DispatchQueueSample;
				PRODUCT_NAME = "$(TARGET_NAME)";
				SWIFT_EMIT_LOC_STRINGS = YES;
				SWIFT_VERSION = 5.0;
				TARGETED_DEVICE_FAMILY = "1,2";
			};
			name = Release;
		};
/* End XCBuildConfiguration section */

/* Begin XCConfigurationList section */
		49EA41C229ED04DA0009D511 /* Build configuration list for PBXProject "DispatchQueueSample" */ = {
			isa = XCConfigurationList;
			buildConfigurations = (
				49EA41D929ED04DC0009D511 /* Debug */,
				49EA41DA29ED04DC0009D511 /* Release */,
			);
			defaultConfigurationIsVisible = 0;
			defaultConfigurationName = Release;
		};
		49EA41DB29ED04DC0009D511 /* Build configuration list for PBXNativeTarget "DispatchQueueSample" */ = {
			isa = XCConfigurationList;
			buildConfigurations = (
				49EA41DC29ED04DC0009D511 /* Debug */,
				49EA41DD29ED04DC0009D511 /* Release */,
			);
			defaultConfigurationIsVisible = 0;
			defaultConfigurationName = Release;
		};
/* End XCConfigurationList section */

/* Begin XCRemoteSwiftPackageReference section */
		4978612E29EE0ECF001053AF /* XCRemoteSwiftPackageReference "Kingfisher" */ = {
			isa = XCRemoteSwiftPackageReference;
			repositoryURL = "https://github.com/onevcat/Kingfisher.git";
			requirement = {
				branch = master;
				kind = branch;
			};
		};
		49EA41DE29ED06AB0009D511 /* XCRemoteSwiftPackageReference "SnapKit" */ = {
			isa = XCRemoteSwiftPackageReference;
			repositoryURL = "https://github.com/SnapKit/SnapKit.git";
			requirement = {
				branch = develop;
				kind = branch;
			};
		};
/* End XCRemoteSwiftPackageReference section */

/* Begin XCSwiftPackageProductDependency section */
		4978612F29EE0ECF001053AF /* Kingfisher */ = {
			isa = XCSwiftPackageProductDependency;
			package = 4978612E29EE0ECF001053AF /* XCRemoteSwiftPackageReference "Kingfisher" */;
			productName = Kingfisher;
		};
		49EA41DF29ED06AB0009D511 /* SnapKit */ = {
			isa = XCSwiftPackageProductDependency;
			package = 49EA41DE29ED06AB0009D511 /* XCRemoteSwiftPackageReference "SnapKit" */;
			productName = SnapKit;
		};
/* End XCSwiftPackageProductDependency section */
	};
	rootObject = 49EA41BF29ED04DA0009D511 /* Project object */;
}
